// !$*UTF8*$!
{
	archiveVersion = 1;
	classes = {
	};
	objectVersion = 46;
	objects = {

/* Begin PBXBuildFile section */
		720B28DB419A182F5052CFD9 /* libPods-HW_CoreData.a in Frameworks */ = {isa = PBXBuildFile; fileRef = 49DADFB304A610D7A197F134 /* libPods-HW_CoreData.a */; };
		B213DB4D1ACC6E5400CF37C5 /* CoreDataManager.swift in Sources */ = {isa = PBXBuildFile; fileRef = B213DB4C1ACC6E5400CF37C5 /* CoreDataManager.swift */; };
		B213DB4F1ACC773500CF37C5 /* ImageTransformer.swift in Sources */ = {isa = PBXBuildFile; fileRef = B213DB4E1ACC773500CF37C5 /* ImageTransformer.swift */; };
		B24D3D6D1ACDCEA900C872E4 /* DownloadManager.swift in Sources */ = {isa = PBXBuildFile; fileRef = B24D3D6C1ACDCEA900C872E4 /* DownloadManager.swift */; };
		B24D3D6F1ACDD71300C872E4 /* Page.swift in Sources */ = {isa = PBXBuildFile; fileRef = B24D3D6E1ACDD71300C872E4 /* Page.swift */; };
		B262A14C1ACE697000B309D9 /* PageCell.swift in Sources */ = {isa = PBXBuildFile; fileRef = B262A14B1ACE697000B309D9 /* PageCell.swift */; };
		B299F2281ACB27E8002C6E02 /* AppDelegate.swift in Sources */ = {isa = PBXBuildFile; fileRef = B299F2271ACB27E8002C6E02 /* AppDelegate.swift */; };
		B299F22B1ACB27E9002C6E02 /* HW_CoreData.xcdatamodeld in Sources */ = {isa = PBXBuildFile; fileRef = B299F2291ACB27E9002C6E02 /* HW_CoreData.xcdatamodeld */; };
		B299F22D1ACB27E9002C6E02 /* MasterViewController.swift in Sources */ = {isa = PBXBuildFile; fileRef = B299F22C1ACB27E9002C6E02 /* MasterViewController.swift */; };
		B299F22F1ACB27E9002C6E02 /* DetailViewController.swift in Sources */ = {isa = PBXBuildFile; fileRef = B299F22E1ACB27E9002C6E02 /* DetailViewController.swift */; };
		B299F2321ACB27E9002C6E02 /* Main.storyboard in Resources */ = {isa = PBXBuildFile; fileRef = B299F2301ACB27E9002C6E02 /* Main.storyboard */; };
		B299F2341ACB27E9002C6E02 /* Images.xcassets in Resources */ = {isa = PBXBuildFile; fileRef = B299F2331ACB27E9002C6E02 /* Images.xcassets */; };
		B299F2371ACB27E9002C6E02 /* LaunchScreen.xib in Resources */ = {isa = PBXBuildFile; fileRef = B299F2351ACB27E9002C6E02 /* LaunchScreen.xib */; };
		B299F2431ACB27E9002C6E02 /* HW_CoreDataTests.swift in Sources */ = {isa = PBXBuildFile; fileRef = B299F2421ACB27E9002C6E02 /* HW_CoreDataTests.swift */; };
/* End PBXBuildFile section */

/* Begin PBXContainerItemProxy section */
		B299F23D1ACB27E9002C6E02 /* PBXContainerItemProxy */ = {
			isa = PBXContainerItemProxy;
			containerPortal = B299F21A1ACB27E8002C6E02 /* Project object */;
			proxyType = 1;
			remoteGlobalIDString = B299F2211ACB27E8002C6E02;
			remoteInfo = HW_CoreData;
		};
/* End PBXContainerItemProxy section */

/* Begin PBXFileReference section */
		19225569D1AB6A3059F146DB /* Pods-HW_CoreData.release.xcconfig */ = {isa = PBXFileReference; includeInIndex = 1; lastKnownFileType = text.xcconfig; name = "Pods-HW_CoreData.release.xcconfig"; path = "Pods/Target Support Files/Pods-HW_CoreData/Pods-HW_CoreData.release.xcconfig"; sourceTree = "<group>"; };
		49DADFB304A610D7A197F134 /* libPods-HW_CoreData.a */ = {isa = PBXFileReference; explicitFileType = archive.ar; includeInIndex = 0; path = "libPods-HW_CoreData.a"; sourceTree = BUILT_PRODUCTS_DIR; };
		B213DB4C1ACC6E5400CF37C5 /* CoreDataManager.swift */ = {isa = PBXFileReference; fileEncoding = 4; lastKnownFileType = sourcecode.swift; path = CoreDataManager.swift; sourceTree = "<group>"; };
		B213DB4E1ACC773500CF37C5 /* ImageTransformer.swift */ = {isa = PBXFileReference; fileEncoding = 4; lastKnownFileType = sourcecode.swift; path = ImageTransformer.swift; sourceTree = "<group>"; };
		B24D3D6C1ACDCEA900C872E4 /* DownloadManager.swift */ = {isa = PBXFileReference; fileEncoding = 4; lastKnownFileType = sourcecode.swift; path = DownloadManager.swift; sourceTree = "<group>"; };
		B24D3D6E1ACDD71300C872E4 /* Page.swift */ = {isa = PBXFileReference; fileEncoding = 4; lastKnownFileType = sourcecode.swift; name = Page.swift; path = ../Page.swift; sourceTree = "<group>"; };
		B262A14B1ACE697000B309D9 /* PageCell.swift */ = {isa = PBXFileReference; fileEncoding = 4; lastKnownFileType = sourcecode.swift; path = PageCell.swift; sourceTree = "<group>"; };
		B299F2221ACB27E8002C6E02 /* HW_CoreData.app */ = {isa = PBXFileReference; explicitFileType = wrapper.application; includeInIndex = 0; path = HW_CoreData.app; sourceTree = BUILT_PRODUCTS_DIR; };
		B299F2261ACB27E8002C6E02 /* Info.plist */ = {isa = PBXFileReference; lastKnownFileType = text.plist.xml; path = Info.plist; sourceTree = "<group>"; };
		B299F2271ACB27E8002C6E02 /* AppDelegate.swift */ = {isa = PBXFileReference; lastKnownFileType = sourcecode.swift; path = AppDelegate.swift; sourceTree = "<group>"; };
		B299F22A1ACB27E9002C6E02 /* HW_CoreData.xcdatamodel */ = {isa = PBXFileReference; lastKnownFileType = wrapper.xcdatamodel; path = HW_CoreData.xcdatamodel; sourceTree = "<group>"; };
		B299F22C1ACB27E9002C6E02 /* MasterViewController.swift */ = {isa = PBXFileReference; lastKnownFileType = sourcecode.swift; path = MasterViewController.swift; sourceTree = "<group>"; };
		B299F22E1ACB27E9002C6E02 /* DetailViewController.swift */ = {isa = PBXFileReference; lastKnownFileType = sourcecode.swift; path = DetailViewController.swift; sourceTree = "<group>"; };
		B299F2311ACB27E9002C6E02 /* Base */ = {isa = PBXFileReference; lastKnownFileType = file.storyboard; name = Base; path = Base.lproj/Main.storyboard; sourceTree = "<group>"; };
		B299F2331ACB27E9002C6E02 /* Images.xcassets */ = {isa = PBXFileReference; lastKnownFileType = folder.assetcatalog; path = Images.xcassets; sourceTree = "<group>"; };
		B299F2361ACB27E9002C6E02 /* Base */ = {isa = PBXFileReference; lastKnownFileType = file.xib; name = Base; path = Base.lproj/LaunchScreen.xib; sourceTree = "<group>"; };
		B299F23C1ACB27E9002C6E02 /* HW_CoreDataTests.xctest */ = {isa = PBXFileReference; explicitFileType = wrapper.cfbundle; includeInIndex = 0; path = HW_CoreDataTests.xctest; sourceTree = BUILT_PRODUCTS_DIR; };
		B299F2411ACB27E9002C6E02 /* Info.plist */ = {isa = PBXFileReference; lastKnownFileType = text.plist.xml; path = Info.plist; sourceTree = "<group>"; };
		B299F2421ACB27E9002C6E02 /* HW_CoreDataTests.swift */ = {isa = PBXFileReference; lastKnownFileType = sourcecode.swift; path = HW_CoreDataTests.swift; sourceTree = "<group>"; };
		B299F24C1ACB37AC002C6E02 /* HW_CoreData_Bridging_Header.h */ = {isa = PBXFileReference; fileEncoding = 4; lastKnownFileType = sourcecode.c.h; path = HW_CoreData_Bridging_Header.h; sourceTree = "<group>"; };
		CAAF8845B06D99A9125532A2 /* Pods-HW_CoreData.debug.xcconfig */ = {isa = PBXFileReference; includeInIndex = 1; lastKnownFileType = text.xcconfig; name = "Pods-HW_CoreData.debug.xcconfig"; path = "Pods/Target Support Files/Pods-HW_CoreData/Pods-HW_CoreData.debug.xcconfig"; sourceTree = "<group>"; };
/* End PBXFileReference section */

/* Begin PBXFrameworksBuildPhase section */
		B299F21F1ACB27E8002C6E02 /* Frameworks */ = {
			isa = PBXFrameworksBuildPhase;
			buildActionMask = 2147483647;
			files = (
				720B28DB419A182F5052CFD9 /* libPods-HW_CoreData.a in Frameworks */,
			);
			runOnlyForDeploymentPostprocessing = 0;
		};
		B299F2391ACB27E9002C6E02 /* Frameworks */ = {
			isa = PBXFrameworksBuildPhase;
			buildActionMask = 2147483647;
			files = (
			);
			runOnlyForDeploymentPostprocessing = 0;
		};
/* End PBXFrameworksBuildPhase section */

/* Begin PBXGroup section */
		7FA9B8F61B8141B2DB8FCB2F /* Frameworks */ = {
			isa = PBXGroup;
			children = (
				49DADFB304A610D7A197F134 /* libPods-HW_CoreData.a */,
			);
			name = Frameworks;
			sourceTree = "<group>";
		};
		86B99C38816C5CDB2E0FBDF8 /* Pods */ = {
			isa = PBXGroup;
			children = (
				CAAF8845B06D99A9125532A2 /* Pods-HW_CoreData.debug.xcconfig */,
				19225569D1AB6A3059F146DB /* Pods-HW_CoreData.release.xcconfig */,
			);
			name = Pods;
			sourceTree = "<group>";
		};
		B299F2191ACB27E8002C6E02 = {
			isa = PBXGroup;
			children = (
				B299F2241ACB27E8002C6E02 /* HW_CoreData */,
				B299F23F1ACB27E9002C6E02 /* HW_CoreDataTests */,
				B299F2231ACB27E8002C6E02 /* Products */,
				86B99C38816C5CDB2E0FBDF8 /* Pods */,
				7FA9B8F61B8141B2DB8FCB2F /* Frameworks */,
			);
			sourceTree = "<group>";
		};
		B299F2231ACB27E8002C6E02 /* Products */ = {
			isa = PBXGroup;
			children = (
				B299F2221ACB27E8002C6E02 /* HW_CoreData.app */,
				B299F23C1ACB27E9002C6E02 /* HW_CoreDataTests.xctest */,
			);
			name = Products;
			sourceTree = "<group>";
		};
		B299F2241ACB27E8002C6E02 /* HW_CoreData */ = {
			isa = PBXGroup;
			children = (
				B2A60DAE1AD06BDB00FD2E70 /* Model */,
				B2A60DB01AD06BE700FD2E70 /* Controller */,
				B2A60DAF1AD06BE200FD2E70 /* View */,
				B299F2331ACB27E9002C6E02 /* Images.xcassets */,
				B299F2251ACB27E8002C6E02 /* Supporting Files */,
			);
			path = HW_CoreData;
			sourceTree = "<group>";
		};
		B299F2251ACB27E8002C6E02 /* Supporting Files */ = {
			isa = PBXGroup;
			children = (
				B299F2261ACB27E8002C6E02 /* Info.plist */,
				B299F24C1ACB37AC002C6E02 /* HW_CoreData_Bridging_Header.h */,
			);
			name = "Supporting Files";
			sourceTree = "<group>";
		};
		B299F23F1ACB27E9002C6E02 /* HW_CoreDataTests */ = {
			isa = PBXGroup;
			children = (
				B299F2421ACB27E9002C6E02 /* HW_CoreDataTests.swift */,
				B299F2401ACB27E9002C6E02 /* Supporting Files */,
			);
			path = HW_CoreDataTests;
			sourceTree = "<group>";
		};
		B299F2401ACB27E9002C6E02 /* Supporting Files */ = {
			isa = PBXGroup;
			children = (
				B299F2411ACB27E9002C6E02 /* Info.plist */,
			);
			name = "Supporting Files";
			sourceTree = "<group>";
		};
		B2A60DAE1AD06BDB00FD2E70 /* Model */ = {
			isa = PBXGroup;
			children = (
				B299F2271ACB27E8002C6E02 /* AppDelegate.swift */,
				B213DB4C1ACC6E5400CF37C5 /* CoreDataManager.swift */,
				B213DB4E1ACC773500CF37C5 /* ImageTransformer.swift */,
				B24D3D6E1ACDD71300C872E4 /* Page.swift */,
				B24D3D6C1ACDCEA900C872E4 /* DownloadManager.swift */,
				B299F2291ACB27E9002C6E02 /* HW_CoreData.xcdatamodeld */,
			);
			name = Model;
			sourceTree = "<group>";
		};
		B2A60DAF1AD06BE200FD2E70 /* View */ = {
			isa = PBXGroup;
			children = (
				B299F2301ACB27E9002C6E02 /* Main.storyboard */,
				B299F2351ACB27E9002C6E02 /* LaunchScreen.xib */,
				B262A14B1ACE697000B309D9 /* PageCell.swift */,
			);
			name = View;
			sourceTree = "<group>";
		};
		B2A60DB01AD06BE700FD2E70 /* Controller */ = {
			isa = PBXGroup;
			children = (
				B299F22C1ACB27E9002C6E02 /* MasterViewController.swift */,
				B299F22E1ACB27E9002C6E02 /* DetailViewController.swift */,
			);
			name = Controller;
			sourceTree = "<group>";
		};
/* End PBXGroup section */

/* Begin PBXNativeTarget section */
		B299F2211ACB27E8002C6E02 /* HW_CoreData */ = {
			isa = PBXNativeTarget;
			buildConfigurationList = B299F2461ACB27E9002C6E02 /* Build configuration list for PBXNativeTarget "HW_CoreData" */;
			buildPhases = (
				41DE7138C3EBE6664C17D738 /* Check Pods Manifest.lock */,
				B299F21E1ACB27E8002C6E02 /* Sources */,
				B299F21F1ACB27E8002C6E02 /* Frameworks */,
				B299F2201ACB27E8002C6E02 /* Resources */,
				6F4680110518FDB14E85FEBE /* Copy Pods Resources */,
			);
			buildRules = (
			);
			dependencies = (
			);
			name = HW_CoreData;
			productName = HW_CoreData;
			productReference = B299F2221ACB27E8002C6E02 /* HW_CoreData.app */;
			productType = "com.apple.product-type.application";
		};
		B299F23B1ACB27E9002C6E02 /* HW_CoreDataTests */ = {
			isa = PBXNativeTarget;
			buildConfigurationList = B299F2491ACB27E9002C6E02 /* Build configuration list for PBXNativeTarget "HW_CoreDataTests" */;
			buildPhases = (
				B299F2381ACB27E9002C6E02 /* Sources */,
				B299F2391ACB27E9002C6E02 /* Frameworks */,
				B299F23A1ACB27E9002C6E02 /* Resources */,
			);
			buildRules = (
			);
			dependencies = (
				B299F23E1ACB27E9002C6E02 /* PBXTargetDependency */,
			);
			name = HW_CoreDataTests;
			productName = HW_CoreDataTests;
			productReference = B299F23C1ACB27E9002C6E02 /* HW_CoreDataTests.xctest */;
			productType = "com.apple.product-type.bundle.unit-test";
		};
/* End PBXNativeTarget section */

/* Begin PBXProject section */
		B299F21A1ACB27E8002C6E02 /* Project object */ = {
			isa = PBXProject;
			attributes = {
				LastUpgradeCheck = 0620;
				ORGANIZATIONNAME = Gena;
				TargetAttributes = {
					B299F2211ACB27E8002C6E02 = {
						CreatedOnToolsVersion = 6.2;
					};
					B299F23B1ACB27E9002C6E02 = {
						CreatedOnToolsVersion = 6.2;
						TestTargetID = B299F2211ACB27E8002C6E02;
					};
				};
			};
			buildConfigurationList = B299F21D1ACB27E8002C6E02 /* Build configuration list for PBXProject "HW_CoreData" */;
			compatibilityVersion = "Xcode 3.2";
			developmentRegion = English;
			hasScannedForEncodings = 0;
			knownRegions = (
				en,
				Base,
			);
			mainGroup = B299F2191ACB27E8002C6E02;
			productRefGroup = B299F2231ACB27E8002C6E02 /* Products */;
			projectDirPath = "";
			projectRoot = "";
			targets = (
				B299F2211ACB27E8002C6E02 /* HW_CoreData */,
				B299F23B1ACB27E9002C6E02 /* HW_CoreDataTests */,
			);
		};
/* End PBXProject section */

/* Begin PBXResourcesBuildPhase section */
		B299F2201ACB27E8002C6E02 /* Resources */ = {
			isa = PBXResourcesBuildPhase;
			buildActionMask = 2147483647;
			files = (
				B299F2321ACB27E9002C6E02 /* Main.storyboard in Resources */,
				B299F2371ACB27E9002C6E02 /* LaunchScreen.xib in Resources */,
				B299F2341ACB27E9002C6E02 /* Images.xcassets in Resources */,
			);
			runOnlyForDeploymentPostprocessing = 0;
		};
		B299F23A1ACB27E9002C6E02 /* Resources */ = {
			isa = PBXResourcesBuildPhase;
			buildActionMask = 2147483647;
			files = (
			);
			runOnlyForDeploymentPostprocessing = 0;
		};
/* End PBXResourcesBuildPhase section */

/* Begin PBXShellScriptBuildPhase section */
		41DE7138C3EBE6664C17D738 /* Check Pods Manifest.lock */ = {
			isa = PBXShellScriptBuildPhase;
			buildActionMask = 2147483647;
			files = (
			);
			inputPaths = (
			);
			name = "Check Pods Manifest.lock";
			outputPaths = (
			);
			runOnlyForDeploymentPostprocessing = 0;
			shellPath = /bin/sh;
			shellScript = "diff \"${PODS_ROOT}/../Podfile.lock\" \"${PODS_ROOT}/Manifest.lock\" > /dev/null\nif [[ $? != 0 ]] ; then\n    cat << EOM\nerror: The sandbox is not in sync with the Podfile.lock. Run 'pod install' or update your CocoaPods installation.\nEOM\n    exit 1\nfi\n";
			showEnvVarsInLog = 0;
		};
		6F4680110518FDB14E85FEBE /* Copy Pods Resources */ = {
			isa = PBXShellScriptBuildPhase;
			buildActionMask = 2147483647;
			files = (
			);
			inputPaths = (
			);
			name = "Copy Pods Resources";
			outputPaths = (
			);
			runOnlyForDeploymentPostprocessing = 0;
			shellPath = /bin/sh;
			shellScript = "\"${SRCROOT}/Pods/Target Support Files/Pods-HW_CoreData/Pods-HW_CoreData-resources.sh\"\n";
			showEnvVarsInLog = 0;
		};
/* End PBXShellScriptBuildPhase section */

/* Begin PBXSourcesBuildPhase section */
		B299F21E1ACB27E8002C6E02 /* Sources */ = {
			isa = PBXSourcesBuildPhase;
			buildActionMask = 2147483647;
			files = (
				B299F2281ACB27E8002C6E02 /* AppDelegate.swift in Sources */,
				B213DB4F1ACC773500CF37C5 /* ImageTransformer.swift in Sources */,
				B24D3D6F1ACDD71300C872E4 /* Page.swift in Sources */,
				B299F22B1ACB27E9002C6E02 /* HW_CoreData.xcdatamodeld in Sources */,
				B24D3D6D1ACDCEA900C872E4 /* DownloadManager.swift in Sources */,
				B262A14C1ACE697000B309D9 /* PageCell.swift in Sources */,
				B299F22D1ACB27E9002C6E02 /* MasterViewController.swift in Sources */,
				B213DB4D1ACC6E5400CF37C5 /* CoreDataManager.swift in Sources */,
				B299F22F1ACB27E9002C6E02 /* DetailViewController.swift in Sources */,
			);
			runOnlyForDeploymentPostprocessing = 0;
		};
		B299F2381ACB27E9002C6E02 /* Sources */ = {
			isa = PBXSourcesBuildPhase;
			buildActionMask = 2147483647;
			files = (
				B299F2431ACB27E9002C6E02 /* HW_CoreDataTests.swift in Sources */,
			);
			runOnlyForDeploymentPostprocessing = 0;
		};
/* End PBXSourcesBuildPhase section */

/* Begin PBXTargetDependency section */
		B299F23E1ACB27E9002C6E02 /* PBXTargetDependency */ = {
			isa = PBXTargetDependency;
			target = B299F2211ACB27E8002C6E02 /* HW_CoreData */;
			targetProxy = B299F23D1ACB27E9002C6E02 /* PBXContainerItemProxy */;
		};
/* End PBXTargetDependency section */

/* Begin PBXVariantGroup section */
		B299F2301ACB27E9002C6E02 /* Main.storyboard */ = {
			isa = PBXVariantGroup;
			children = (
				B299F2311ACB27E9002C6E02 /* Base */,
			);
			name = Main.storyboard;
			sourceTree = "<group>";
		};
		B299F2351ACB27E9002C6E02 /* LaunchScreen.xib */ = {
			isa = PBXVariantGroup;
			children = (
				B299F2361ACB27E9002C6E02 /* Base */,
			);
			name = LaunchScreen.xib;
			sourceTree = "<group>";
		};
/* End PBXVariantGroup section */

/* Begin XCBuildConfiguration section */
		B299F2441ACB27E9002C6E02 /* Debug */ = {
			isa = XCBuildConfiguration;
			buildSettings = {
				ALWAYS_SEARCH_USER_PATHS = NO;
				CLANG_CXX_LANGUAGE_STANDARD = "gnu++0x";
				CLANG_CXX_LIBRARY = "libc++";
				CLANG_ENABLE_MODULES = YES;
				CLANG_ENABLE_OBJC_ARC = YES;
				CLANG_WARN_BOOL_CONVERSION = YES;
				CLANG_WARN_CONSTANT_CONVERSION = YES;
				CLANG_WARN_DIRECT_OBJC_ISA_USAGE = YES_ERROR;
				CLANG_WARN_EMPTY_BODY = YES;
				CLANG_WARN_ENUM_CONVERSION = YES;
				CLANG_WARN_INT_CONVERSION = YES;
				CLANG_WARN_OBJC_ROOT_CLASS = YES_ERROR;
				CLANG_WARN_UNREACHABLE_CODE = YES;
				CLANG_WARN__DUPLICATE_METHOD_MATCH = YES;
				"CODE_SIGN_IDENTITY[sdk=iphoneos*]" = "iPhone Developer";
				COPY_PHASE_STRIP = NO;
				ENABLE_STRICT_OBJC_MSGSEND = YES;
				GCC_C_LANGUAGE_STANDARD = gnu99;
				GCC_DYNAMIC_NO_PIC = NO;
				GCC_OPTIMIZATION_LEVEL = 0;
				GCC_PREPROCESSOR_DEFINITIONS = (
					"DEBUG=1",
					"$(inherited)",
				);
				GCC_SYMBOLS_PRIVATE_EXTERN = NO;
				GCC_WARN_64_TO_32_BIT_CONVERSION = YES;
				GCC_WARN_ABOUT_RETURN_TYPE = YES_ERROR;
				GCC_WARN_UNDECLARED_SELECTOR = YES;
				GCC_WARN_UNINITIALIZED_AUTOS = YES_AGGRESSIVE;
				GCC_WARN_UNUSED_FUNCTION = YES;
				GCC_WARN_UNUSED_VARIABLE = YES;
				IPHONEOS_DEPLOYMENT_TARGET = 8.2;
				MTL_ENABLE_DEBUG_INFO = YES;
				ONLY_ACTIVE_ARCH = YES;
				SDKROOT = iphoneos;
				SWIFT_OPTIMIZATION_LEVEL = "-Onone";
			};
			name = Debug;
		};
		B299F2451ACB27E9002C6E02 /* Release */ = {
			isa = XCBuildConfiguration;
			buildSettings = {
				ALWAYS_SEARCH_USER_PATHS = NO;
				CLANG_CXX_LANGUAGE_STANDARD = "gnu++0x";
				CLANG_CXX_LIBRARY = "libc++";
				CLANG_ENABLE_MODULES = YES;
				CLANG_ENABLE_OBJC_ARC = YES;
				CLANG_WARN_BOOL_CONVERSION = YES;
				CLANG_WARN_CONSTANT_CONVERSION = YES;
				CLANG_WARN_DIRECT_OBJC_ISA_USAGE = YES_ERROR;
				CLANG_WARN_EMPTY_BODY = YES;
				CLANG_WARN_ENUM_CONVERSION = YES;
				CLANG_WARN_INT_CONVERSION = YES;
				CLANG_WARN_OBJC_ROOT_CLASS = YES_ERROR;
				CLANG_WARN_UNREACHABLE_CODE = YES;
				CLANG_WARN__DUPLICATE_METHOD_MATCH = YES;
				"CODE_SIGN_IDENTITY[sdk=iphoneos*]" = "iPhone Developer";
				COPY_PHASE_STRIP = NO;
				ENABLE_NS_ASSERTIONS = NO;
				ENABLE_STRICT_OBJC_MSGSEND = YES;
				GCC_C_LANGUAGE_STANDARD = gnu99;
				GCC_WARN_64_TO_32_BIT_CONVERSION = YES;
				GCC_WARN_ABOUT_RETURN_TYPE = YES_ERROR;
				GCC_WARN_UNDECLARED_SELECTOR = YES;
				GCC_WARN_UNINITIALIZED_AUTOS = YES_AGGRESSIVE;
				GCC_WARN_UNUSED_FUNCTION = YES;
				GCC_WARN_UNUSED_VARIABLE = YES;
				IPHONEOS_DEPLOYMENT_TARGET = 8.2;
				MTL_ENABLE_DEBUG_INFO = NO;
				SDKROOT = iphoneos;
				VALIDATE_PRODUCT = YES;
			};
			name = Release;
		};
		B299F2471ACB27E9002C6E02 /* Debug */ = {
			isa = XCBuildConfiguration;
			baseConfigurationReference = CAAF8845B06D99A9125532A2 /* Pods-HW_CoreData.debug.xcconfig */;
			buildSettings = {
				ASSETCATALOG_COMPILER_APPICON_NAME = AppIcon;
				INFOPLIST_FILE = HW_CoreData/Info.plist;
				LD_RUNPATH_SEARCH_PATHS = "$(inherited) @executable_path/Frameworks";
				PRODUCT_NAME = "$(TARGET_NAME)";
				SWIFT_OBJC_BRIDGING_HEADER = HW_CoreData/HW_CoreData_Bridging_Header.h;
			};
			name = Debug;
		};
		B299F2481ACB27E9002C6E02 /* Release */ = {
			isa = XCBuildConfiguration;
			baseConfigurationReference = 19225569D1AB6A3059F146DB /* Pods-HW_CoreData.release.xcconfig */;
			buildSettings = {
				ASSETCATALOG_COMPILER_APPICON_NAME = AppIcon;
				INFOPLIST_FILE = HW_CoreData/Info.plist;
				LD_RUNPATH_SEARCH_PATHS = "$(inherited) @executable_path/Frameworks";
				PRODUCT_NAME = "$(TARGET_NAME)";
				SWIFT_OBJC_BRIDGING_HEADER = HW_CoreData/HW_CoreData_Bridging_Header.h;
			};
			name = Release;
		};
		B299F24A1ACB27E9002C6E02 /* Debug */ = {
			isa = XCBuildConfiguration;
			buildSettings = {
				BUNDLE_LOADER = "$(TEST_HOST)";
				FRAMEWORK_SEARCH_PATHS = (
					"$(SDKROOT)/Developer/Library/Frameworks",
					"$(inherited)",
				);
				GCC_PREPROCESSOR_DEFINITIONS = (
					"DEBUG=1",
					"$(inherited)",
				);
				INFOPLIST_FILE = HW_CoreDataTests/Info.plist;
				LD_RUNPATH_SEARCH_PATHS = "$(inherited) @executable_path/Frameworks @loader_path/Frameworks";
				PRODUCT_NAME = "$(TARGET_NAME)";
				TEST_HOST = "$(BUILT_PRODUCTS_DIR)/HW_CoreData.app/HW_CoreData";
			};
			name = Debug;
		};
		B299F24B1ACB27E9002C6E02 /* Release */ = {
			isa = XCBuildConfiguration;
			buildSettings = {
				BUNDLE_LOADER = "$(TEST_HOST)";
				FRAMEWORK_SEARCH_PATHS = (
					"$(SDKROOT)/Developer/Library/Frameworks",
					"$(inherited)",
				);
				INFOPLIST_FILE = HW_CoreDataTests/Info.plist;
				LD_RUNPATH_SEARCH_PATHS = "$(inherited) @executable_path/Frameworks @loader_path/Frameworks";
				PRODUCT_NAME = "$(TARGET_NAME)";
				TEST_HOST = "$(BUILT_PRODUCTS_DIR)/HW_CoreData.app/HW_CoreData";
			};
			name = Release;
		};
/* End XCBuildConfiguration section */

/* Begin XCConfigurationList section */
		B299F21D1ACB27E8002C6E02 /* Build configuration list for PBXProject "HW_CoreData" */ = {
			isa = XCConfigurationList;
			buildConfigurations = (
				B299F2441ACB27E9002C6E02 /* Debug */,
				B299F2451ACB27E9002C6E02 /* Release */,
			);
			defaultConfigurationIsVisible = 0;
			defaultConfigurationName = Release;
		};
		B299F2461ACB27E9002C6E02 /* Build configuration list for PBXNativeTarget "HW_CoreData" */ = {
			isa = XCConfigurationList;
			buildConfigurations = (
				B299F2471ACB27E9002C6E02 /* Debug */,
				B299F2481ACB27E9002C6E02 /* Release */,
			);
			defaultConfigurationIsVisible = 0;
			defaultConfigurationName = Release;
		};
		B299F2491ACB27E9002C6E02 /* Build configuration list for PBXNativeTarget "HW_CoreDataTests" */ = {
			isa = XCConfigurationList;
			buildConfigurations = (
				B299F24A1ACB27E9002C6E02 /* Debug */,
				B299F24B1ACB27E9002C6E02 /* Release */,
			);
			defaultConfigurationIsVisible = 0;
			defaultConfigurationName = Release;
		};
/* End XCConfigurationList section */

/* Begin XCVersionGroup section */
		B299F2291ACB27E9002C6E02 /* HW_CoreData.xcdatamodeld */ = {
			isa = XCVersionGroup;
			children = (
				B299F22A1ACB27E9002C6E02 /* HW_CoreData.xcdatamodel */,
			);
			currentVersion = B299F22A1ACB27E9002C6E02 /* HW_CoreData.xcdatamodel */;
			path = HW_CoreData.xcdatamodeld;
			sourceTree = "<group>";
			versionGroupType = wrapper.xcdatamodel;
		};
/* End XCVersionGroup section */
	};
	rootObject = B299F21A1ACB27E8002C6E02 /* Project object */;
}
